
Microsoft Visual Studio Solution File, Format Version 12.00
# Visual Studio Version 17
VisualStudioVersion = 17.14.36408.4 d17.14
MinimumVisualStudioVersion = 10.0.40219.1
Project("{FAE04EC0-301F-11D3-BF4B-00C04F79EFBC}") = "http-files-test", "http-files-test\http-files-test.csproj", "{B452E326-3E79-4483-B45E-C5EAF3BE041D}"
EndProject
Global
	GlobalSection(SolutionConfigurationPlatforms) = preSolution
		Debug|Any CPU = Debug|Any CPU
		Release|Any CPU = Release|Any CPU
	EndGlobalSection
	GlobalSection(ProjectConfigurationPlatforms) = postSolution
		{B452E326-3E79-4483-B45E-C5EAF3BE041D}.Debug|Any CPU.ActiveCfg = Debug|Any CPU
		{B452E326-3E79-4483-B45E-C5EAF3BE041D}.Debug|Any CPU.Build.0 = Debug|Any CPU
		{B452E326-3E79-4483-B45E-C5EAF3BE041D}.Release|Any CPU.ActiveCfg = Release|Any CPU
		{B452E326-3E79-4483-B45E-C5EAF3BE041D}.Release|Any CPU.Build.0 = Release|Any CPU
	EndGlobalSection
	GlobalSection(SolutionProperties) = preSolution
		HideSolutionNode = FALSE
	EndGlobalSection
	GlobalSection(ExtensibilityGlobals) = postSolution
		SolutionGuid = {54FCB68B-3550-4627-BBB2-529353DC7067}
	EndGlobalSection
EndGlobal
